
Microsoft Visual Studio Solution File, Format Version 12.00
# Visual Studio Version 16
VisualStudioVersion = 16.0.31321.278
MinimumVisualStudioVersion = 10.0.40219.1
Project("{FAE04EC0-301F-11D3-BF4B-00C04F79EFBC}") = "ProjeMvc5Eticaret", "ProjeMvc5Eticaret\ProjeMvc5Eticaret.csproj", "{EC893200-A3DD-4A6A-B94A-DDC9393C8D06}"
EndProject
Global
	GlobalSection(SolutionConfigurationPlatforms) = preSolution
		Debug|Any CPU = Debug|Any CPU
		Release|Any CPU = Release|Any CPU
	EndGlobalSection
	GlobalSection(ProjectConfigurationPlatforms) = postSolution
		{EC893200-A3DD-4A6A-B94A-DDC9393C8D06}.Debug|Any CPU.ActiveCfg = Debug|Any CPU
		{EC893200-A3DD-4A6A-B94A-DDC9393C8D06}.Debug|Any CPU.Build.0 = Debug|Any CPU
		{EC893200-A3DD-4A6A-B94A-DDC9393C8D06}.Release|Any CPU.ActiveCfg = Release|Any CPU
		{EC893200-A3DD-4A6A-B94A-DDC9393C8D06}.Release|Any CPU.Build.0 = Release|Any CPU
	EndGlobalSection
	GlobalSection(SolutionProperties) = preSolution
		HideSolutionNode = FALSE
	EndGlobalSection
	GlobalSection(ExtensibilityGlobals) = postSolution
		SolutionGuid = {69654684-95B8-4E2C-BAC9-8E71131C7908}
	EndGlobalSection
EndGlobal
